{
  "name": "Web",
  "lockfileVersion": 3,
  "requires": true,
  "packages": {
    "": {
      "dependencies": {
        "@cap.js/widget": "^0.1.57"
      }
    },
    "node_modules/@cap.js/widget": {
      "version": "0.1.57",
      "resolved": "https://registry.npmmirror.com/@cap.js/widget/-/widget-0.1.57.tgz",
      "integrity": "sha512-IgWepPHHsn1FcB5msL/TQtZZixGm9KAp7rpNbDmdo/i10EhDA74TlMU9zbZ6H8wwcCtlond/m+pAcLr1RiQ1og==",
      "license": "Apache-2.0"
    }
  }
}
